// !$*UTF8*$!
{
	archiveVersion = 1;
	classes = {
	};
	objectVersion = 50;
	objects = {

/* Begin PBXBuildFile section */
		180A051E22EA956C00AC7D19 /* JDEtherTests.swift in Sources */ = {isa = PBXBuildFile; fileRef = 180A051D22EA956C00AC7D19 /* JDEtherTests.swift */; };
		C910C26F217EC44300C9F3F5 /* Account.swift in Sources */ = {isa = PBXBuildFile; fileRef = C910C26E217EC44300C9F3F5 /* Account.swift */; };
		C910C298217F2AFE00C9F3F5 /* JDEther.podspec in Resources */ = {isa = PBXBuildFile; fileRef = C910C296217F2AFE00C9F3F5 /* JDEther.podspec */; };
		C915E81E217DD25E00C7564A /* JDEther.swift in Sources */ = {isa = PBXBuildFile; fileRef = C915E81D217DD25E00C7564A /* JDEther.swift */; };
		C917CFA9219D123F005AD2DD /* ETH.swift in Sources */ = {isa = PBXBuildFile; fileRef = C917CFA8219D123F005AD2DD /* ETH.swift */; };
		C917CFAB219D1581005AD2DD /* Wei.swift in Sources */ = {isa = PBXBuildFile; fileRef = C917CFAA219D1581005AD2DD /* Wei.swift */; };
		C91A0977217876D400B13F19 /* AppDelegate.swift in Sources */ = {isa = PBXBuildFile; fileRef = C91A0976217876D400B13F19 /* AppDelegate.swift */; };
		C91A0979217876D400B13F19 /* ViewController.swift in Sources */ = {isa = PBXBuildFile; fileRef = C91A0978217876D400B13F19 /* ViewController.swift */; };
		C91A097C217876D400B13F19 /* Main.storyboard in Resources */ = {isa = PBXBuildFile; fileRef = C91A097A217876D400B13F19 /* Main.storyboard */; };
		C91A097E217876D600B13F19 /* Assets.xcassets in Resources */ = {isa = PBXBuildFile; fileRef = C91A097D217876D600B13F19 /* Assets.xcassets */; };
		C91A0981217876D600B13F19 /* LaunchScreen.storyboard in Resources */ = {isa = PBXBuildFile; fileRef = C91A097F217876D600B13F19 /* LaunchScreen.storyboard */; };
/* End PBXBuildFile section */

/* Begin PBXContainerItemProxy section */
		180A052022EA956C00AC7D19 /* PBXContainerItemProxy */ = {
			isa = PBXContainerItemProxy;
			containerPortal = C91A096B217876D400B13F19 /* Project object */;
			proxyType = 1;
			remoteGlobalIDString = C91A0972217876D400B13F19;
			remoteInfo = JDEther;
		};
/* End PBXContainerItemProxy section */

/* Begin PBXCopyFilesBuildPhase section */
		C910C280217F1ED300C9F3F5 /* Embed Frameworks */ = {
			isa = PBXCopyFilesBuildPhase;
			buildActionMask = 2147483647;
			dstPath = "";
			dstSubfolderSpec = 10;
			files = (
			);
			name = "Embed Frameworks";
			runOnlyForDeploymentPostprocessing = 0;
		};
/* End PBXCopyFilesBuildPhase section */

/* Begin PBXFileReference section */
		180A051B22EA956C00AC7D19 /* JDEtherTests.xctest */ = {isa = PBXFileReference; explicitFileType = wrapper.cfbundle; includeInIndex = 0; path = JDEtherTests.xctest; sourceTree = BUILT_PRODUCTS_DIR; };
		180A051D22EA956C00AC7D19 /* JDEtherTests.swift */ = {isa = PBXFileReference; lastKnownFileType = sourcecode.swift; path = JDEtherTests.swift; sourceTree = "<group>"; };
		180A051F22EA956C00AC7D19 /* Info.plist */ = {isa = PBXFileReference; lastKnownFileType = text.plist.xml; path = Info.plist; sourceTree = "<group>"; };
		C910C26E217EC44300C9F3F5 /* Account.swift */ = {isa = PBXFileReference; lastKnownFileType = sourcecode.swift; path = Account.swift; sourceTree = "<group>"; };
		C910C296217F2AFE00C9F3F5 /* JDEther.podspec */ = {isa = PBXFileReference; fileEncoding = 4; lastKnownFileType = text; path = JDEther.podspec; sourceTree = "<group>"; xcLanguageSpecificationIdentifier = xcode.lang.ruby; };
		C915E81D217DD25E00C7564A /* JDEther.swift */ = {isa = PBXFileReference; lastKnownFileType = sourcecode.swift; path = JDEther.swift; sourceTree = "<group>"; };
		C917CFA8219D123F005AD2DD /* ETH.swift */ = {isa = PBXFileReference; lastKnownFileType = sourcecode.swift; path = ETH.swift; sourceTree = "<group>"; };
		C917CFAA219D1581005AD2DD /* Wei.swift */ = {isa = PBXFileReference; lastKnownFileType = sourcecode.swift; path = Wei.swift; sourceTree = "<group>"; };
		C91A0973217876D400B13F19 /* JDEther.app */ = {isa = PBXFileReference; explicitFileType = wrapper.application; includeInIndex = 0; path = JDEther.app; sourceTree = BUILT_PRODUCTS_DIR; };
		C91A0976217876D400B13F19 /* AppDelegate.swift */ = {isa = PBXFileReference; lastKnownFileType = sourcecode.swift; path = AppDelegate.swift; sourceTree = "<group>"; };
		C91A0978217876D400B13F19 /* ViewController.swift */ = {isa = PBXFileReference; lastKnownFileType = sourcecode.swift; path = ViewController.swift; sourceTree = "<group>"; };
		C91A097B217876D400B13F19 /* Base */ = {isa = PBXFileReference; lastKnownFileType = file.storyboard; name = Base; path = Base.lproj/Main.storyboard; sourceTree = "<group>"; };
		C91A097D217876D600B13F19 /* Assets.xcassets */ = {isa = PBXFileReference; lastKnownFileType = folder.assetcatalog; path = Assets.xcassets; sourceTree = "<group>"; };
		C91A0980217876D600B13F19 /* Base */ = {isa = PBXFileReference; lastKnownFileType = file.storyboard; name = Base; path = Base.lproj/LaunchScreen.storyboard; sourceTree = "<group>"; };
		C91A0982217876D600B13F19 /* Info.plist */ = {isa = PBXFileReference; lastKnownFileType = text.plist.xml; path = Info.plist; sourceTree = "<group>"; };
/* End PBXFileReference section */

/* Begin PBXFrameworksBuildPhase section */
		180A051822EA956C00AC7D19 /* Frameworks */ = {
			isa = PBXFrameworksBuildPhase;
			buildActionMask = 2147483647;
			files = (
			);
			runOnlyForDeploymentPostprocessing = 0;
		};
		C91A0970217876D400B13F19 /* Frameworks */ = {
			isa = PBXFrameworksBuildPhase;
			buildActionMask = 2147483647;
			files = (
			);
			runOnlyForDeploymentPostprocessing = 0;
		};
/* End PBXFrameworksBuildPhase section */

/* Begin PBXGroup section */
		180A051C22EA956C00AC7D19 /* JDEtherTests */ = {
			isa = PBXGroup;
			children = (
				180A051D22EA956C00AC7D19 /* JDEtherTests.swift */,
				180A051F22EA956C00AC7D19 /* Info.plist */,
			);
			path = JDEtherTests;
			sourceTree = "<group>";
		};
		C91A096A217876D400B13F19 = {
			isa = PBXGroup;
			children = (
				C910C296217F2AFE00C9F3F5 /* JDEther.podspec */,
				C91A0988217876F600B13F19 /* Sources */,
				C91A0975217876D400B13F19 /* JDEther */,
				180A051C22EA956C00AC7D19 /* JDEtherTests */,
				C91A0974217876D400B13F19 /* Products */,
			);
			sourceTree = "<group>";
		};
		C91A0974217876D400B13F19 /* Products */ = {
			isa = PBXGroup;
			children = (
				C91A0973217876D400B13F19 /* JDEther.app */,
				180A051B22EA956C00AC7D19 /* JDEtherTests.xctest */,
			);
			name = Products;
			sourceTree = "<group>";
		};
		C91A0975217876D400B13F19 /* JDEther */ = {
			isa = PBXGroup;
			children = (
				C91A0976217876D400B13F19 /* AppDelegate.swift */,
				C91A0978217876D400B13F19 /* ViewController.swift */,
				C91A097A217876D400B13F19 /* Main.storyboard */,
				C91A097D217876D600B13F19 /* Assets.xcassets */,
				C91A097F217876D600B13F19 /* LaunchScreen.storyboard */,
				C91A0982217876D600B13F19 /* Info.plist */,
			);
			path = JDEther;
			sourceTree = "<group>";
		};
		C91A0988217876F600B13F19 /* Sources */ = {
			isa = PBXGroup;
			children = (
				C915E81D217DD25E00C7564A /* JDEther.swift */,
				C910C26E217EC44300C9F3F5 /* Account.swift */,
				C917CFA8219D123F005AD2DD /* ETH.swift */,
				C917CFAA219D1581005AD2DD /* Wei.swift */,
			);
			path = Sources;
			sourceTree = "<group>";
		};
/* End PBXGroup section */

/* Begin PBXNativeTarget section */
		180A051A22EA956C00AC7D19 /* JDEtherTests */ = {
			isa = PBXNativeTarget;
			buildConfigurationList = 180A052422EA956C00AC7D19 /* Build configuration list for PBXNativeTarget "JDEtherTests" */;
			buildPhases = (
				180A051722EA956C00AC7D19 /* Sources */,
				180A051822EA956C00AC7D19 /* Frameworks */,
				180A051922EA956C00AC7D19 /* Resources */,
			);
			buildRules = (
			);
			dependencies = (
				180A052122EA956C00AC7D19 /* PBXTargetDependency */,
			);
			name = JDEtherTests;
			productName = JDEtherTests;
			productReference = 180A051B22EA956C00AC7D19 /* JDEtherTests.xctest */;
			productType = "com.apple.product-type.bundle.unit-test";
		};
		C91A0972217876D400B13F19 /* JDEther */ = {
			isa = PBXNativeTarget;
			buildConfigurationList = C91A0985217876D600B13F19 /* Build configuration list for PBXNativeTarget "JDEther" */;
			buildPhases = (
				C91A096F217876D400B13F19 /* Sources */,
				C91A0970217876D400B13F19 /* Frameworks */,
				C91A0971217876D400B13F19 /* Resources */,
				C910C280217F1ED300C9F3F5 /* Embed Frameworks */,
			);
			buildRules = (
			);
			dependencies = (
			);
			name = JDEther;
			productName = JDEther;
			productReference = C91A0973217876D400B13F19 /* JDEther.app */;
			productType = "com.apple.product-type.application";
		};
/* End PBXNativeTarget section */

/* Begin PBXProject section */
		C91A096B217876D400B13F19 /* Project object */ = {
			isa = PBXProject;
			attributes = {
				LastSwiftUpdateCheck = 1030;
				LastUpgradeCheck = 1000;
				ORGANIZATIONNAME = zjade;
				TargetAttributes = {
					180A051A22EA956C00AC7D19 = {
						CreatedOnToolsVersion = 10.3;
						TestTargetID = C91A0972217876D400B13F19;
					};
					C91A0972217876D400B13F19 = {
						CreatedOnToolsVersion = 10.0;
					};
				};
			};
			buildConfigurationList = C91A096E217876D400B13F19 /* Build configuration list for PBXProject "JDEther" */;
			compatibilityVersion = "Xcode 9.3";
			developmentRegion = en;
			hasScannedForEncodings = 0;
			knownRegions = (
				en,
				Base,
			);
			mainGroup = C91A096A217876D400B13F19;
			productRefGroup = C91A0974217876D400B13F19 /* Products */;
			projectDirPath = "";
			projectRoot = "";
			targets = (
				C91A0972217876D400B13F19 /* JDEther */,
				180A051A22EA956C00AC7D19 /* JDEtherTests */,
			);
		};
/* End PBXProject section */

/* Begin PBXResourcesBuildPhase section */
		180A051922EA956C00AC7D19 /* Resources */ = {
			isa = PBXResourcesBuildPhase;
			buildActionMask = 2147483647;
			files = (
			);
			runOnlyForDeploymentPostprocessing = 0;
		};
		C91A0971217876D400B13F19 /* Resources */ = {
			isa = PBXResourcesBuildPhase;
			buildActionMask = 2147483647;
			files = (
				C91A0981217876D600B13F19 /* LaunchScreen.storyboard in Resources */,
				C910C298217F2AFE00C9F3F5 /* JDEther.podspec in Resources */,
				C91A097E217876D600B13F19 /* Assets.xcassets in Resources */,
				C91A097C217876D400B13F19 /* Main.storyboard in Resources */,
			);
			runOnlyForDeploymentPostprocessing = 0;
		};
/* End PBXResourcesBuildPhase section */

/* Begin PBXSourcesBuildPhase section */
		180A051722EA956C00AC7D19 /* Sources */ = {
			isa = PBXSourcesBuildPhase;
			buildActionMask = 2147483647;
			files = (
				180A051E22EA956C00AC7D19 /* JDEtherTests.swift in Sources */,
			);
			runOnlyForDeploymentPostprocessing = 0;
		};
		C91A096F217876D400B13F19 /* Sources */ = {
			isa = PBXSourcesBuildPhase;
			buildActionMask = 2147483647;
			files = (
				C91A0979217876D400B13F19 /* ViewController.swift in Sources */,
				C917CFA9219D123F005AD2DD /* ETH.swift in Sources */,
				C915E81E217DD25E00C7564A /* JDEther.swift in Sources */,
				C917CFAB219D1581005AD2DD /* Wei.swift in Sources */,
				C91A0977217876D400B13F19 /* AppDelegate.swift in Sources */,
				C910C26F217EC44300C9F3F5 /* Account.swift in Sources */,
			);
			runOnlyForDeploymentPostprocessing = 0;
		};
/* End PBXSourcesBuildPhase section */

/* Begin PBXTargetDependency section */
		180A052122EA956C00AC7D19 /* PBXTargetDependency */ = {
			isa = PBXTargetDependency;
			target = C91A0972217876D400B13F19 /* JDEther */;
			targetProxy = 180A052022EA956C00AC7D19 /* PBXContainerItemProxy */;
		};
/* End PBXTargetDependency section */

/* Begin PBXVariantGroup section */
		C91A097A217876D400B13F19 /* Main.storyboard */ = {
			isa = PBXVariantGroup;
			children = (
				C91A097B217876D400B13F19 /* Base */,
			);
			name = Main.storyboard;
			sourceTree = "<group>";
		};
		C91A097F217876D600B13F19 /* LaunchScreen.storyboard */ = {
			isa = PBXVariantGroup;
			children = (
				C91A0980217876D600B13F19 /* Base */,
			);
			name = LaunchScreen.storyboard;
			sourceTree = "<group>";
		};
/* End PBXVariantGroup section */

/* Begin XCBuildConfiguration section */
		180A052222EA956C00AC7D19 /* Debug */ = {
			isa = XCBuildConfiguration;
			buildSettings = {
				BUNDLE_LOADER = "$(TEST_HOST)";
				CODE_SIGN_STYLE = Automatic;
				INFOPLIST_FILE = JDEtherTests/Info.plist;
				IPHONEOS_DEPLOYMENT_TARGET = 12.4;
				LD_RUNPATH_SEARCH_PATHS = (
					"$(inherited)",
					"@executable_path/Frameworks",
					"@loader_path/Frameworks",
				);
				PRODUCT_BUNDLE_IDENTIFIER = com.zjade.JDEtherTests;
				PRODUCT_NAME = "$(TARGET_NAME)";
				SWIFT_VERSION = 5.0;
				TARGETED_DEVICE_FAMILY = "1,2";
				TEST_HOST = "$(BUILT_PRODUCTS_DIR)/JDEther.app/JDEther";
			};
			name = Debug;
		};
		180A052322EA956C00AC7D19 /* Release */ = {
			isa = XCBuildConfiguration;
			buildSettings = {
				BUNDLE_LOADER = "$(TEST_HOST)";
				CODE_SIGN_STYLE = Automatic;
				INFOPLIST_FILE = JDEtherTests/Info.plist;
				IPHONEOS_DEPLOYMENT_TARGET = 12.4;
				LD_RUNPATH_SEARCH_PATHS = (
					"$(inherited)",
					"@executable_path/Frameworks",
					"@loader_path/Frameworks",
				);
				PRODUCT_BUNDLE_IDENTIFIER = com.zjade.JDEtherTests;
				PRODUCT_NAME = "$(TARGET_NAME)";
				SWIFT_VERSION = 5.0;
				TARGETED_DEVICE_FAMILY = "1,2";
				TEST_HOST = "$(BUILT_PRODUCTS_DIR)/JDEther.app/JDEther";
			};
			name = Release;
		};
		C91A0983217876D600B13F19 /* Debug */ = {
			isa = XCBuildConfiguration;
			buildSettings = {
				ALWAYS_SEARCH_USER_PATHS = NO;
				CLANG_ANALYZER_NONNULL = YES;
				CLANG_ANALYZER_NUMBER_OBJECT_CONVERSION = YES_AGGRESSIVE;
				CLANG_CXX_LANGUAGE_STANDARD = "gnu++14";
				CLANG_CXX_LIBRARY = "libc++";
				CLANG_ENABLE_MODULES = YES;
				CLANG_ENABLE_OBJC_ARC = YES;
				CLANG_ENABLE_OBJC_WEAK = YES;
				CLANG_WARN_BLOCK_CAPTURE_AUTORELEASING = YES;
				CLANG_WARN_BOOL_CONVERSION = YES;
				CLANG_WARN_COMMA = YES;
				CLANG_WARN_CONSTANT_CONVERSION = YES;
				CLANG_WARN_DEPRECATED_OBJC_IMPLEMENTATIONS = YES;
				CLANG_WARN_DIRECT_OBJC_ISA_USAGE = YES_ERROR;
				CLANG_WARN_DOCUMENTATION_COMMENTS = YES;
				CLANG_WARN_EMPTY_BODY = YES;
				CLANG_WARN_ENUM_CONVERSION = YES;
				CLANG_WARN_INFINITE_RECURSION = YES;
				CLANG_WARN_INT_CONVERSION = YES;
				CLANG_WARN_NON_LITERAL_NULL_CONVERSION = YES;
				CLANG_WARN_OBJC_IMPLICIT_RETAIN_SELF = YES;
				CLANG_WARN_OBJC_LITERAL_CONVERSION = YES;
				CLANG_WARN_OBJC_ROOT_CLASS = YES_ERROR;
				CLANG_WARN_RANGE_LOOP_ANALYSIS = YES;
				CLANG_WARN_STRICT_PROTOTYPES = YES;
				CLANG_WARN_SUSPICIOUS_MOVE = YES;
				CLANG_WARN_UNGUARDED_AVAILABILITY = YES_AGGRESSIVE;
				CLANG_WARN_UNREACHABLE_CODE = YES;
				CLANG_WARN__DUPLICATE_METHOD_MATCH = YES;
				CODE_SIGN_IDENTITY = "iPhone Developer";
				COPY_PHASE_STRIP = NO;
				DEBUG_INFORMATION_FORMAT = dwarf;
				ENABLE_STRICT_OBJC_MSGSEND = YES;
				ENABLE_TESTABILITY = YES;
				GCC_C_LANGUAGE_STANDARD = gnu11;
				GCC_DYNAMIC_NO_PIC = NO;
				GCC_NO_COMMON_BLOCKS = YES;
				GCC_OPTIMIZATION_LEVEL = 0;
				GCC_PREPROCESSOR_DEFINITIONS = (
					"DEBUG=1",
					"$(inherited)",
				);
				GCC_WARN_64_TO_32_BIT_CONVERSION = YES;
				GCC_WARN_ABOUT_RETURN_TYPE = YES_ERROR;
				GCC_WARN_UNDECLARED_SELECTOR = YES;
				GCC_WARN_UNINITIALIZED_AUTOS = YES_AGGRESSIVE;
				GCC_WARN_UNUSED_FUNCTION = YES;
				GCC_WARN_UNUSED_VARIABLE = YES;
				IPHONEOS_DEPLOYMENT_TARGET = 10;
				MTL_ENABLE_DEBUG_INFO = INCLUDE_SOURCE;
				MTL_FAST_MATH = YES;
				ONLY_ACTIVE_ARCH = YES;
				SDKROOT = iphoneos;
				SWIFT_ACTIVE_COMPILATION_CONDITIONS = DEBUG;
				SWIFT_OPTIMIZATION_LEVEL = "-Onone";
				SWIFT_VERSION = 5.0;
			};
			name = Debug;
		};
		C91A0984217876D600B13F19 /* Release */ = {
			isa = XCBuildConfiguration;
			buildSettings = {
				ALWAYS_SEARCH_USER_PATHS = NO;
				CLANG_ANALYZER_NONNULL = YES;
				CLANG_ANALYZER_NUMBER_OBJECT_CONVERSION = YES_AGGRESSIVE;
				CLANG_CXX_LANGUAGE_STANDARD = "gnu++14";
				CLANG_CXX_LIBRARY = "libc++";
				CLANG_ENABLE_MODULES = YES;
				CLANG_ENABLE_OBJC_ARC = YES;
				CLANG_ENABLE_OBJC_WEAK = YES;
				CLANG_WARN_BLOCK_CAPTURE_AUTORELEASING = YES;
				CLANG_WARN_BOOL_CONVERSION = YES;
				CLANG_WARN_COMMA = YES;
				CLANG_WARN_CONSTANT_CONVERSION = YES;
				CLANG_WARN_DEPRECATED_OBJC_IMPLEMENTATIONS = YES;
				CLANG_WARN_DIRECT_OBJC_ISA_USAGE = YES_ERROR;
				CLANG_WARN_DOCUMENTATION_COMMENTS = YES;
				CLANG_WARN_EMPTY_BODY = YES;
				CLANG_WARN_ENUM_CONVERSION = YES;
				CLANG_WARN_INFINITE_RECURSION = YES;
				CLANG_WARN_INT_CONVERSION = YES;
				CLANG_WARN_NON_LITERAL_NULL_CONVERSION = YES;
				CLANG_WARN_OBJC_IMPLICIT_RETAIN_SELF = YES;
				CLANG_WARN_OBJC_LITERAL_CONVERSION = YES;
				CLANG_WARN_OBJC_ROOT_CLASS = YES_ERROR;
				CLANG_WARN_RANGE_LOOP_ANALYSIS = YES;
				CLANG_WARN_STRICT_PROTOTYPES = YES;
				CLANG_WARN_SUSPICIOUS_MOVE = YES;
				CLANG_WARN_UNGUARDED_AVAILABILITY = YES_AGGRESSIVE;
				CLANG_WARN_UNREACHABLE_CODE = YES;
				CLANG_WARN__DUPLICATE_METHOD_MATCH = YES;
				CODE_SIGN_IDENTITY = "iPhone Developer";
				COPY_PHASE_STRIP = NO;
				DEBUG_INFORMATION_FORMAT = "dwarf-with-dsym";
				ENABLE_NS_ASSERTIONS = NO;
				ENABLE_STRICT_OBJC_MSGSEND = YES;
				GCC_C_LANGUAGE_STANDARD = gnu11;
				GCC_NO_COMMON_BLOCKS = YES;
				GCC_WARN_64_TO_32_BIT_CONVERSION = YES;
				GCC_WARN_ABOUT_RETURN_TYPE = YES_ERROR;
				GCC_WARN_UNDECLARED_SELECTOR = YES;
				GCC_WARN_UNINITIALIZED_AUTOS = YES_AGGRESSIVE;
				GCC_WARN_UNUSED_FUNCTION = YES;
				GCC_WARN_UNUSED_VARIABLE = YES;
				IPHONEOS_DEPLOYMENT_TARGET = 10;
				MTL_ENABLE_DEBUG_INFO = NO;
				MTL_FAST_MATH = YES;
				SDKROOT = iphoneos;
				SWIFT_COMPILATION_MODE = wholemodule;
				SWIFT_OPTIMIZATION_LEVEL = "-O";
				SWIFT_VERSION = 5.0;
				VALIDATE_PRODUCT = YES;
			};
			name = Release;
		};
		C91A0986217876D600B13F19 /* Debug */ = {
			isa = XCBuildConfiguration;
			buildSettings = {
				ASSETCATALOG_COMPILER_APPICON_NAME = AppIcon;
				CODE_SIGN_STYLE = Automatic;
				DEVELOPMENT_TEAM = 553C2VE52E;
				FRAMEWORK_SEARCH_PATHS = (
					"$(inherited)",
					"$(PROJECT_DIR)/Sources",
					"$(PROJECT_DIR)/Sources/lib",
				);
				INFOPLIST_FILE = JDEther/Info.plist;
				LD_RUNPATH_SEARCH_PATHS = (
					"$(inherited)",
					"@executable_path/Frameworks",
				);
				PRODUCT_BUNDLE_IDENTIFIER = com.zjade.JDEther;
				PRODUCT_NAME = "$(TARGET_NAME)";
				SWIFT_VERSION = 5.0;
				TARGETED_DEVICE_FAMILY = "1,2";
			};
			name = Debug;
		};
		C91A0987217876D600B13F19 /* Release */ = {
			isa = XCBuildConfiguration;
			buildSettings = {
				ASSETCATALOG_COMPILER_APPICON_NAME = AppIcon;
				CODE_SIGN_STYLE = Automatic;
				DEVELOPMENT_TEAM = 553C2VE52E;
				FRAMEWORK_SEARCH_PATHS = (
					"$(inherited)",
					"$(PROJECT_DIR)/Sources",
					"$(PROJECT_DIR)/Sources/lib",
				);
				INFOPLIST_FILE = JDEther/Info.plist;
				LD_RUNPATH_SEARCH_PATHS = (
					"$(inherited)",
					"@executable_path/Frameworks",
				);
				PRODUCT_BUNDLE_IDENTIFIER = com.zjade.JDEther;
				PRODUCT_NAME = "$(TARGET_NAME)";
				SWIFT_VERSION = 5.0;
				TARGETED_DEVICE_FAMILY = "1,2";
			};
			name = Release;
		};
/* End XCBuildConfiguration section */

/* Begin XCConfigurationList section */
		180A052422EA956C00AC7D19 /* Build configuration list for PBXNativeTarget "JDEtherTests" */ = {
			isa = XCConfigurationList;
			buildConfigurations = (
				180A052222EA956C00AC7D19 /* Debug */,
				180A052322EA956C00AC7D19 /* Release */,
			);
			defaultConfigurationIsVisible = 0;
			defaultConfigurationName = Release;
		};
		C91A096E217876D400B13F19 /* Build configuration list for PBXProject "JDEther" */ = {
			isa = XCConfigurationList;
			buildConfigurations = (
				C91A0983217876D600B13F19 /* Debug */,
				C91A0984217876D600B13F19 /* Release */,
			);
			defaultConfigurationIsVisible = 0;
			defaultConfigurationName = Release;
		};
		C91A0985217876D600B13F19 /* Build configuration list for PBXNativeTarget "JDEther" */ = {
			isa = XCConfigurationList;
			buildConfigurations = (
				C91A0986217876D600B13F19 /* Debug */,
				C91A0987217876D600B13F19 /* Release */,
			);
			defaultConfigurationIsVisible = 0;
			defaultConfigurationName = Release;
		};
/* End XCConfigurationList section */
	};
	rootObject = C91A096B217876D400B13F19 /* Project object */;
}
